// !$*UTF8*$!
{
	archiveVersion = 1;
	classes = {
	};
	objectVersion = 46;
	objects = {

/* Begin PBXBuildFile section */
		0B090E224A2364ECD725CB71 /* Pods_DNAMobileTests.framework in Frameworks */ = {isa = PBXBuildFile; fileRef = 0942B3003774CEE81F26F70F /* Pods_DNAMobileTests.framework */; };
		4AFA458A91B8002248F23DDD /* Pods_DNAMobile.framework in Frameworks */ = {isa = PBXBuildFile; fileRef = 5737BD37B8FBA6E3473D0495 /* Pods_DNAMobile.framework */; };
		AA8FCB4C1DAE9E0B00B86633 /* BaseKeyboardViewController.swift in Sources */ = {isa = PBXBuildFile; fileRef = AA8FCB4B1DAE9E0B00B86633 /* BaseKeyboardViewController.swift */; };
		AA8FCB4F1DAE9FC000B86633 /* New.swift in Sources */ = {isa = PBXBuildFile; fileRef = AA8FCB4E1DAE9FC000B86633 /* New.swift */; };
		AA8FCB511DAEA04800B86633 /* BuildingLocation.swift in Sources */ = {isa = PBXBuildFile; fileRef = AA8FCB501DAEA04800B86633 /* BuildingLocation.swift */; };
		AA8FCB531DAEA29800B86633 /* ConstantHelper.swift in Sources */ = {isa = PBXBuildFile; fileRef = AA8FCB521DAEA29800B86633 /* ConstantHelper.swift */; };
		AA8FCB581DAEB48500B86633 /* AsyncImageView.m in Sources */ = {isa = PBXBuildFile; fileRef = AA8FCB571DAEB48500B86633 /* AsyncImageView.m */; };
		AA8FCB751DAEB88F00B86633 /* UIImageView+Size.m in Sources */ = {isa = PBXBuildFile; fileRef = AA8FCB741DAEB88F00B86633 /* UIImageView+Size.m */; };
		AAB2E7521DAF6AB00090EBC9 /* icon-nav-left.png in Resources */ = {isa = PBXBuildFile; fileRef = AAB2E7501DAF6AB00090EBC9 /* icon-nav-left.png */; };
		AAB2E7531DAF6AB10090EBC9 /* icon-nav-right.png in Resources */ = {isa = PBXBuildFile; fileRef = AAB2E7511DAF6AB00090EBC9 /* icon-nav-right.png */; };
		AAB2E7671DAF6F200090EBC9 /* Lato.ttf in Resources */ = {isa = PBXBuildFile; fileRef = AAB2E7561DAF6F200090EBC9 /* Lato.ttf */; };
		AAB2E7681DAF6F200090EBC9 /* Muli-Bold.ttf in Resources */ = {isa = PBXBuildFile; fileRef = AAB2E7581DAF6F200090EBC9 /* Muli-Bold.ttf */; };
		AAB2E7691DAF6F200090EBC9 /* Muli-BoldItalic.ttf in Resources */ = {isa = PBXBuildFile; fileRef = AAB2E7591DAF6F200090EBC9 /* Muli-BoldItalic.ttf */; };
		AAB2E76A1DAF6F200090EBC9 /* Muli-ExtraLight.ttf in Resources */ = {isa = PBXBuildFile; fileRef = AAB2E75A1DAF6F200090EBC9 /* Muli-ExtraLight.ttf */; };
		AAB2E76B1DAF6F200090EBC9 /* Muli-ExtraLightItalic.ttf in Resources */ = {isa = PBXBuildFile; fileRef = AAB2E75B1DAF6F200090EBC9 /* Muli-ExtraLightItalic.ttf */; };
		AAB2E76C1DAF6F200090EBC9 /* Muli-Italic.ttf in Resources */ = {isa = PBXBuildFile; fileRef = AAB2E75C1DAF6F200090EBC9 /* Muli-Italic.ttf */; };
		AAB2E76D1DAF6F200090EBC9 /* Muli-Light.ttf in Resources */ = {isa = PBXBuildFile; fileRef = AAB2E75D1DAF6F200090EBC9 /* Muli-Light.ttf */; };
		AAB2E76E1DAF6F200090EBC9 /* Muli-LightItalic.ttf in Resources */ = {isa = PBXBuildFile; fileRef = AAB2E75E1DAF6F200090EBC9 /* Muli-LightItalic.ttf */; };
		AAB2E76F1DAF6F200090EBC9 /* Muli-Semi-BoldItalic.ttf in Resources */ = {isa = PBXBuildFile; fileRef = AAB2E75F1DAF6F200090EBC9 /* Muli-Semi-BoldItalic.ttf */; };
		AAB2E7701DAF6F200090EBC9 /* Muli-SemiBold.ttf in Resources */ = {isa = PBXBuildFile; fileRef = AAB2E7601DAF6F200090EBC9 /* Muli-SemiBold.ttf */; };
		AAB2E7711DAF6F200090EBC9 /* Muli.ttf in Resources */ = {isa = PBXBuildFile; fileRef = AAB2E7611DAF6F200090EBC9 /* Muli.ttf */; };
		AAB2E7721DAF6F200090EBC9 /* SIL Open Font License.txt in Resources */ = {isa = PBXBuildFile; fileRef = AAB2E7621DAF6F200090EBC9 /* SIL Open Font License.txt */; };
		AAB2E7731DAF6F200090EBC9 /* Raleway-Bold.ttf in Resources */ = {isa = PBXBuildFile; fileRef = AAB2E7641DAF6F200090EBC9 /* Raleway-Bold.ttf */; };
		AAB2E7741DAF6F200090EBC9 /* Raleway-Italic.ttf in Resources */ = {isa = PBXBuildFile; fileRef = AAB2E7651DAF6F200090EBC9 /* Raleway-Italic.ttf */; };
		AAB2E7751DAF6F200090EBC9 /* Raleway-Regular.ttf in Resources */ = {isa = PBXBuildFile; fileRef = AAB2E7661DAF6F200090EBC9 /* Raleway-Regular.ttf */; };
		AAB2E7781DAF767C0090EBC9 /* LocationInfoCell.swift in Sources */ = {isa = PBXBuildFile; fileRef = AAB2E7771DAF767C0090EBC9 /* LocationInfoCell.swift */; };
		AAB2E77A1DAFD9340090EBC9 /* icon-right-arrow.png in Resources */ = {isa = PBXBuildFile; fileRef = AAB2E7791DAFD9340090EBC9 /* icon-right-arrow.png */; };
		AAB2E77C1DAFE3920090EBC9 /* StreetAlertCell.swift in Sources */ = {isa = PBXBuildFile; fileRef = AAB2E77B1DAFE3920090EBC9 /* StreetAlertCell.swift */; };
		AAB2E77E1DAFE5220090EBC9 /* StreetAlert.swift in Sources */ = {isa = PBXBuildFile; fileRef = AAB2E77D1DAFE5220090EBC9 /* StreetAlert.swift */; };
		AAB2E7811DAFFCBE0090EBC9 /* UpComingEvents.swift in Sources */ = {isa = PBXBuildFile; fileRef = AAB2E7801DAFFCBE0090EBC9 /* UpComingEvents.swift */; };
		AAB2E7831DAFFCF70090EBC9 /* UpComingEventsCell.swift in Sources */ = {isa = PBXBuildFile; fileRef = AAB2E7821DAFFCF70090EBC9 /* UpComingEventsCell.swift */; };
		C00AA18D1DA3F4F8000F7819 /* AppDelegate.swift in Sources */ = {isa = PBXBuildFile; fileRef = C00AA18C1DA3F4F8000F7819 /* AppDelegate.swift */; };
		C00AA1921DA3F4F8000F7819 /* Main.storyboard in Resources */ = {isa = PBXBuildFile; fileRef = C00AA1901DA3F4F8000F7819 /* Main.storyboard */; };
		C00AA1951DA3F4F8000F7819 /* DNAMobile.xcdatamodeld in Sources */ = {isa = PBXBuildFile; fileRef = C00AA1931DA3F4F8000F7819 /* DNAMobile.xcdatamodeld */; };
		C00AA1971DA3F4F8000F7819 /* Assets.xcassets in Resources */ = {isa = PBXBuildFile; fileRef = C00AA1961DA3F4F8000F7819 /* Assets.xcassets */; };
		C00AA19A1DA3F4F8000F7819 /* LaunchScreen.storyboard in Resources */ = {isa = PBXBuildFile; fileRef = C00AA1981DA3F4F8000F7819 /* LaunchScreen.storyboard */; };
		C00AA1A51DA3F4F8000F7819 /* DNAMobileTests.swift in Sources */ = {isa = PBXBuildFile; fileRef = C00AA1A41DA3F4F8000F7819 /* DNAMobileTests.swift */; };
		C00AFEDB1DAF7E5C009C6D03 /* Home.storyboard in Resources */ = {isa = PBXBuildFile; fileRef = C00AFED91DAF7E5C009C6D03 /* Home.storyboard */; };
		C03F1A461DA75D3900B35DB2 /* ApiClient.swift in Sources */ = {isa = PBXBuildFile; fileRef = C03F1A451DA75D3900B35DB2 /* ApiClient.swift */; };
		C07EFBB01DA602BB00EC6AF2 /* String.swift in Sources */ = {isa = PBXBuildFile; fileRef = C07EFBA81DA602BB00EC6AF2 /* String.swift */; };
		C07EFBB11DA602BB00EC6AF2 /* UIColor.swift in Sources */ = {isa = PBXBuildFile; fileRef = C07EFBA91DA602BB00EC6AF2 /* UIColor.swift */; };
		C07EFBB21DA602BB00EC6AF2 /* UIImage.swift in Sources */ = {isa = PBXBuildFile; fileRef = C07EFBAA1DA602BB00EC6AF2 /* UIImage.swift */; };
		C07EFBB31DA602BB00EC6AF2 /* UIImageView.swift in Sources */ = {isa = PBXBuildFile; fileRef = C07EFBAB1DA602BB00EC6AF2 /* UIImageView.swift */; };
		C07EFBB41DA602BB00EC6AF2 /* UITableViewExtension.swift in Sources */ = {isa = PBXBuildFile; fileRef = C07EFBAC1DA602BB00EC6AF2 /* UITableViewExtension.swift */; };
		C07EFBB51DA602BB00EC6AF2 /* UIView.swift in Sources */ = {isa = PBXBuildFile; fileRef = C07EFBAD1DA602BB00EC6AF2 /* UIView.swift */; };
		C07EFBB61DA602BB00EC6AF2 /* UIViewController.swift in Sources */ = {isa = PBXBuildFile; fileRef = C07EFBAE1DA602BB00EC6AF2 /* UIViewController.swift */; };
		C07EFBB81DA602D800EC6AF2 /* MenuTableViewCell.swift in Sources */ = {isa = PBXBuildFile; fileRef = C07EFBB71DA602D800EC6AF2 /* MenuTableViewCell.swift */; };
		C07EFBBE1DA60FDF00EC6AF2 /* UpcomingEventViewController.swift in Sources */ = {isa = PBXBuildFile; fileRef = C07EFBBD1DA60FDF00EC6AF2 /* UpcomingEventViewController.swift */; };
		C07EFBC01DA6101D00EC6AF2 /* RequestServiceViewController.swift in Sources */ = {isa = PBXBuildFile; fileRef = C07EFBBF1DA6101D00EC6AF2 /* RequestServiceViewController.swift */; };
		C07EFBC21DA6104600EC6AF2 /* LocationInfoViewController.swift in Sources */ = {isa = PBXBuildFile; fileRef = C07EFBC11DA6104600EC6AF2 /* LocationInfoViewController.swift */; };
		C07EFBC41DA6105300EC6AF2 /* StreetAlertViewController.swift in Sources */ = {isa = PBXBuildFile; fileRef = C07EFBC31DA6105300EC6AF2 /* StreetAlertViewController.swift */; };
		C07EFBC71DA6106300EC6AF2 /* SettingsViewController.swift in Sources */ = {isa = PBXBuildFile; fileRef = C07EFBC61DA6106300EC6AF2 /* SettingsViewController.swift */; };
		C07EFBC91DA6371000EC6AF2 /* BaseCenterViewController.swift in Sources */ = {isa = PBXBuildFile; fileRef = C07EFBC81DA6371000EC6AF2 /* BaseCenterViewController.swift */; };
		C07EFBCB1DA6A6AC00EC6AF2 /* NewCollectionViewCell.swift in Sources */ = {isa = PBXBuildFile; fileRef = C07EFBCA1DA6A6AC00EC6AF2 /* NewCollectionViewCell.swift */; };
		C099D5321DA88F1E003422B2 /* MarginLabel.swift in Sources */ = {isa = PBXBuildFile; fileRef = C099D5311DA88F1E003422B2 /* MarginLabel.swift */; };
		C0A0944F1DA49B5A0036A792 /* HomeViewController.swift in Sources */ = {isa = PBXBuildFile; fileRef = C0A0944E1DA49B5A0036A792 /* HomeViewController.swift */; };
		C0A094631DA509E30036A792 /* SWRevealViewController.m in Sources */ = {isa = PBXBuildFile; fileRef = C0A094621DA509E30036A792 /* SWRevealViewController.m */; };
		C0A094651DA50EC40036A792 /* BaseViewController.swift in Sources */ = {isa = PBXBuildFile; fileRef = C0A094641DA50EC40036A792 /* BaseViewController.swift */; };
		C0A094671DA50ED90036A792 /* MenuViewController.swift in Sources */ = {isa = PBXBuildFile; fileRef = C0A094661DA50ED90036A792 /* MenuViewController.swift */; };
		C0C25B481DB08FDF00B3D046 /* DetailNewViewController.swift in Sources */ = {isa = PBXBuildFile; fileRef = C0C25B471DB08FDF00B3D046 /* DetailNewViewController.swift */; };
/* End PBXBuildFile section */

/* Begin PBXContainerItemProxy section */
		C00AA1A11DA3F4F8000F7819 /* PBXContainerItemProxy */ = {
			isa = PBXContainerItemProxy;
			containerPortal = C00AA1811DA3F4F8000F7819 /* Project object */;
			proxyType = 1;
			remoteGlobalIDString = C00AA1881DA3F4F8000F7819;
			remoteInfo = DNAMobile;
		};
/* End PBXContainerItemProxy section */

/* Begin PBXFileReference section */
		0942B3003774CEE81F26F70F /* Pods_DNAMobileTests.framework */ = {isa = PBXFileReference; explicitFileType = wrapper.framework; includeInIndex = 0; path = Pods_DNAMobileTests.framework; sourceTree = BUILT_PRODUCTS_DIR; };
		150AA3EA2466395928D3DD08 /* Pods-DNAMobile.debug.xcconfig */ = {isa = PBXFileReference; includeInIndex = 1; lastKnownFileType = text.xcconfig; name = "Pods-DNAMobile.debug.xcconfig"; path = "Pods/Target Support Files/Pods-DNAMobile/Pods-DNAMobile.debug.xcconfig"; sourceTree = "<group>"; };
		39BBAF12E10AAFFA32810120 /* Pods-DNAMobile.release.xcconfig */ = {isa = PBXFileReference; includeInIndex = 1; lastKnownFileType = text.xcconfig; name = "Pods-DNAMobile.release.xcconfig"; path = "Pods/Target Support Files/Pods-DNAMobile/Pods-DNAMobile.release.xcconfig"; sourceTree = "<group>"; };
		5737BD37B8FBA6E3473D0495 /* Pods_DNAMobile.framework */ = {isa = PBXFileReference; explicitFileType = wrapper.framework; includeInIndex = 0; path = Pods_DNAMobile.framework; sourceTree = BUILT_PRODUCTS_DIR; };
		62B59CF2598DAFE6D12AD668 /* Pods-DNAMobileTests.debug.xcconfig */ = {isa = PBXFileReference; includeInIndex = 1; lastKnownFileType = text.xcconfig; name = "Pods-DNAMobileTests.debug.xcconfig"; path = "Pods/Target Support Files/Pods-DNAMobileTests/Pods-DNAMobileTests.debug.xcconfig"; sourceTree = "<group>"; };
		AA8FCB4B1DAE9E0B00B86633 /* BaseKeyboardViewController.swift */ = {isa = PBXFileReference; fileEncoding = 4; lastKnownFileType = sourcecode.swift; path = BaseKeyboardViewController.swift; sourceTree = "<group>"; };
		AA8FCB4E1DAE9FC000B86633 /* New.swift */ = {isa = PBXFileReference; fileEncoding = 4; lastKnownFileType = sourcecode.swift; path = New.swift; sourceTree = "<group>"; };
		AA8FCB501DAEA04800B86633 /* BuildingLocation.swift */ = {isa = PBXFileReference; fileEncoding = 4; lastKnownFileType = sourcecode.swift; path = BuildingLocation.swift; sourceTree = "<group>"; };
		AA8FCB521DAEA29800B86633 /* ConstantHelper.swift */ = {isa = PBXFileReference; fileEncoding = 4; lastKnownFileType = sourcecode.swift; path = ConstantHelper.swift; sourceTree = "<group>"; };
		AA8FCB561DAEB48500B86633 /* AsyncImageView.h */ = {isa = PBXFileReference; fileEncoding = 4; lastKnownFileType = sourcecode.c.h; path = AsyncImageView.h; sourceTree = "<group>"; };
		AA8FCB571DAEB48500B86633 /* AsyncImageView.m */ = {isa = PBXFileReference; fileEncoding = 4; lastKnownFileType = sourcecode.c.objc; path = AsyncImageView.m; sourceTree = "<group>"; };
		AA8FCB731DAEB88F00B86633 /* UIImageView+Size.h */ = {isa = PBXFileReference; fileEncoding = 4; lastKnownFileType = sourcecode.c.h; path = "UIImageView+Size.h"; sourceTree = "<group>"; };
		AA8FCB741DAEB88F00B86633 /* UIImageView+Size.m */ = {isa = PBXFileReference; fileEncoding = 4; lastKnownFileType = sourcecode.c.objc; path = "UIImageView+Size.m"; sourceTree = "<group>"; };
		AAB2E7501DAF6AB00090EBC9 /* icon-nav-left.png */ = {isa = PBXFileReference; lastKnownFileType = image.png; path = "icon-nav-left.png"; sourceTree = "<group>"; };
		AAB2E7511DAF6AB00090EBC9 /* icon-nav-right.png */ = {isa = PBXFileReference; lastKnownFileType = image.png; path = "icon-nav-right.png"; sourceTree = "<group>"; };
		AAB2E7561DAF6F200090EBC9 /* Lato.ttf */ = {isa = PBXFileReference; lastKnownFileType = file; path = Lato.ttf; sourceTree = "<group>"; };
		AAB2E7581DAF6F200090EBC9 /* Muli-Bold.ttf */ = {isa = PBXFileReference; lastKnownFileType = file; path = "Muli-Bold.ttf"; sourceTree = "<group>"; };
		AAB2E7591DAF6F200090EBC9 /* Muli-BoldItalic.ttf */ = {isa = PBXFileReference; lastKnownFileType = file; path = "Muli-BoldItalic.ttf"; sourceTree = "<group>"; };
		AAB2E75A1DAF6F200090EBC9 /* Muli-ExtraLight.ttf */ = {isa = PBXFileReference; lastKnownFileType = file; path = "Muli-ExtraLight.ttf"; sourceTree = "<group>"; };
		AAB2E75B1DAF6F200090EBC9 /* Muli-ExtraLightItalic.ttf */ = {isa = PBXFileReference; lastKnownFileType = file; path = "Muli-ExtraLightItalic.ttf"; sourceTree = "<group>"; };
		AAB2E75C1DAF6F200090EBC9 /* Muli-Italic.ttf */ = {isa = PBXFileReference; lastKnownFileType = file; path = "Muli-Italic.ttf"; sourceTree = "<group>"; };
		AAB2E75D1DAF6F200090EBC9 /* Muli-Light.ttf */ = {isa = PBXFileReference; lastKnownFileType = file; path = "Muli-Light.ttf"; sourceTree = "<group>"; };
		AAB2E75E1DAF6F200090EBC9 /* Muli-LightItalic.ttf */ = {isa = PBXFileReference; lastKnownFileType = file; path = "Muli-LightItalic.ttf"; sourceTree = "<group>"; };
		AAB2E75F1DAF6F200090EBC9 /* Muli-Semi-BoldItalic.ttf */ = {isa = PBXFileReference; lastKnownFileType = file; path = "Muli-Semi-BoldItalic.ttf"; sourceTree = "<group>"; };
		AAB2E7601DAF6F200090EBC9 /* Muli-SemiBold.ttf */ = {isa = PBXFileReference; lastKnownFileType = file; path = "Muli-SemiBold.ttf"; sourceTree = "<group>"; };
		AAB2E7611DAF6F200090EBC9 /* Muli.ttf */ = {isa = PBXFileReference; lastKnownFileType = file; path = Muli.ttf; sourceTree = "<group>"; };
		AAB2E7621DAF6F200090EBC9 /* SIL Open Font License.txt */ = {isa = PBXFileReference; fileEncoding = 4; lastKnownFileType = text; path = "SIL Open Font License.txt"; sourceTree = "<group>"; };
		AAB2E7641DAF6F200090EBC9 /* Raleway-Bold.ttf */ = {isa = PBXFileReference; lastKnownFileType = file; path = "Raleway-Bold.ttf"; sourceTree = "<group>"; };
		AAB2E7651DAF6F200090EBC9 /* Raleway-Italic.ttf */ = {isa = PBXFileReference; lastKnownFileType = file; path = "Raleway-Italic.ttf"; sourceTree = "<group>"; };
		AAB2E7661DAF6F200090EBC9 /* Raleway-Regular.ttf */ = {isa = PBXFileReference; lastKnownFileType = file; path = "Raleway-Regular.ttf"; sourceTree = "<group>"; };
		AAB2E7771DAF767C0090EBC9 /* LocationInfoCell.swift */ = {isa = PBXFileReference; fileEncoding = 4; lastKnownFileType = sourcecode.swift; path = LocationInfoCell.swift; sourceTree = "<group>"; };
		AAB2E7791DAFD9340090EBC9 /* icon-right-arrow.png */ = {isa = PBXFileReference; lastKnownFileType = image.png; path = "icon-right-arrow.png"; sourceTree = "<group>"; };
		AAB2E77B1DAFE3920090EBC9 /* StreetAlertCell.swift */ = {isa = PBXFileReference; fileEncoding = 4; lastKnownFileType = sourcecode.swift; path = StreetAlertCell.swift; sourceTree = "<group>"; };
		AAB2E77D1DAFE5220090EBC9 /* StreetAlert.swift */ = {isa = PBXFileReference; fileEncoding = 4; lastKnownFileType = sourcecode.swift; path = StreetAlert.swift; sourceTree = "<group>"; };
		AAB2E7801DAFFCBE0090EBC9 /* UpComingEvents.swift */ = {isa = PBXFileReference; fileEncoding = 4; lastKnownFileType = sourcecode.swift; path = UpComingEvents.swift; sourceTree = "<group>"; };
		AAB2E7821DAFFCF70090EBC9 /* UpComingEventsCell.swift */ = {isa = PBXFileReference; fileEncoding = 4; lastKnownFileType = sourcecode.swift; path = UpComingEventsCell.swift; sourceTree = "<group>"; };
		C00AA1891DA3F4F8000F7819 /* DNAMobile.app */ = {isa = PBXFileReference; explicitFileType = wrapper.application; includeInIndex = 0; path = DNAMobile.app; sourceTree = BUILT_PRODUCTS_DIR; };
		C00AA18C1DA3F4F8000F7819 /* AppDelegate.swift */ = {isa = PBXFileReference; lastKnownFileType = sourcecode.swift; path = AppDelegate.swift; sourceTree = "<group>"; };
		C00AA1911DA3F4F8000F7819 /* Base */ = {isa = PBXFileReference; lastKnownFileType = file.storyboard; name = Base; path = Base.lproj/Main.storyboard; sourceTree = "<group>"; };
		C00AA1941DA3F4F8000F7819 /* DNAMobile.xcdatamodel */ = {isa = PBXFileReference; lastKnownFileType = wrapper.xcdatamodel; path = DNAMobile.xcdatamodel; sourceTree = "<group>"; };
		C00AA1961DA3F4F8000F7819 /* Assets.xcassets */ = {isa = PBXFileReference; lastKnownFileType = folder.assetcatalog; path = Assets.xcassets; sourceTree = "<group>"; };
		C00AA1991DA3F4F8000F7819 /* Base */ = {isa = PBXFileReference; lastKnownFileType = file.storyboard; name = Base; path = Base.lproj/LaunchScreen.storyboard; sourceTree = "<group>"; };
		C00AA19B1DA3F4F8000F7819 /* Info.plist */ = {isa = PBXFileReference; lastKnownFileType = text.plist.xml; path = Info.plist; sourceTree = "<group>"; };
		C00AA1A01DA3F4F8000F7819 /* DNAMobileTests.xctest */ = {isa = PBXFileReference; explicitFileType = wrapper.cfbundle; includeInIndex = 0; path = DNAMobileTests.xctest; sourceTree = BUILT_PRODUCTS_DIR; };
		C00AA1A41DA3F4F8000F7819 /* DNAMobileTests.swift */ = {isa = PBXFileReference; lastKnownFileType = sourcecode.swift; path = DNAMobileTests.swift; sourceTree = "<group>"; };
		C00AA1A61DA3F4F8000F7819 /* Info.plist */ = {isa = PBXFileReference; lastKnownFileType = text.plist.xml; path = Info.plist; sourceTree = "<group>"; };
		C00AFEDA1DAF7E5C009C6D03 /* Base */ = {isa = PBXFileReference; lastKnownFileType = file.storyboard; name = Base; path = DNAMobile/Base.lproj/Home.storyboard; sourceTree = SOURCE_ROOT; };
		C03F1A451DA75D3900B35DB2 /* ApiClient.swift */ = {isa = PBXFileReference; fileEncoding = 4; lastKnownFileType = sourcecode.swift; path = ApiClient.swift; sourceTree = "<group>"; };
		C07EFBA81DA602BB00EC6AF2 /* String.swift */ = {isa = PBXFileReference; fileEncoding = 4; lastKnownFileType = sourcecode.swift; path = String.swift; sourceTree = "<group>"; };
		C07EFBA91DA602BB00EC6AF2 /* UIColor.swift */ = {isa = PBXFileReference; fileEncoding = 4; lastKnownFileType = sourcecode.swift; path = UIColor.swift; sourceTree = "<group>"; };
		C07EFBAA1DA602BB00EC6AF2 /* UIImage.swift */ = {isa = PBXFileReference; fileEncoding = 4; lastKnownFileType = sourcecode.swift; path = UIImage.swift; sourceTree = "<group>"; };
		C07EFBAB1DA602BB00EC6AF2 /* UIImageView.swift */ = {isa = PBXFileReference; fileEncoding = 4; lastKnownFileType = sourcecode.swift; path = UIImageView.swift; sourceTree = "<group>"; };
		C07EFBAC1DA602BB00EC6AF2 /* UITableViewExtension.swift */ = {isa = PBXFileReference; fileEncoding = 4; lastKnownFileType = sourcecode.swift; path = UITableViewExtension.swift; sourceTree = "<group>"; };
		C07EFBAD1DA602BB00EC6AF2 /* UIView.swift */ = {isa = PBXFileReference; fileEncoding = 4; lastKnownFileType = sourcecode.swift; path = UIView.swift; sourceTree = "<group>"; };
		C07EFBAE1DA602BB00EC6AF2 /* UIViewController.swift */ = {isa = PBXFileReference; fileEncoding = 4; lastKnownFileType = sourcecode.swift; path = UIViewController.swift; sourceTree = "<group>"; };
		C07EFBB71DA602D800EC6AF2 /* MenuTableViewCell.swift */ = {isa = PBXFileReference; fileEncoding = 4; lastKnownFileType = sourcecode.swift; path = MenuTableViewCell.swift; sourceTree = "<group>"; };
		C07EFBBD1DA60FDF00EC6AF2 /* UpcomingEventViewController.swift */ = {isa = PBXFileReference; fileEncoding = 4; lastKnownFileType = sourcecode.swift; path = UpcomingEventViewController.swift; sourceTree = "<group>"; };
		C07EFBBF1DA6101D00EC6AF2 /* RequestServiceViewController.swift */ = {isa = PBXFileReference; fileEncoding = 4; lastKnownFileType = sourcecode.swift; path = RequestServiceViewController.swift; sourceTree = "<group>"; };
		C07EFBC11DA6104600EC6AF2 /* LocationInfoViewController.swift */ = {isa = PBXFileReference; fileEncoding = 4; lastKnownFileType = sourcecode.swift; path = LocationInfoViewController.swift; sourceTree = "<group>"; };
		C07EFBC31DA6105300EC6AF2 /* StreetAlertViewController.swift */ = {isa = PBXFileReference; fileEncoding = 4; lastKnownFileType = sourcecode.swift; path = StreetAlertViewController.swift; sourceTree = "<group>"; };
		C07EFBC61DA6106300EC6AF2 /* SettingsViewController.swift */ = {isa = PBXFileReference; fileEncoding = 4; lastKnownFileType = sourcecode.swift; path = SettingsViewController.swift; sourceTree = "<group>"; };
		C07EFBC81DA6371000EC6AF2 /* BaseCenterViewController.swift */ = {isa = PBXFileReference; fileEncoding = 4; lastKnownFileType = sourcecode.swift; path = BaseCenterViewController.swift; sourceTree = "<group>"; };
		C07EFBCA1DA6A6AC00EC6AF2 /* NewCollectionViewCell.swift */ = {isa = PBXFileReference; fileEncoding = 4; lastKnownFileType = sourcecode.swift; path = NewCollectionViewCell.swift; sourceTree = "<group>"; };
		C099D5311DA88F1E003422B2 /* MarginLabel.swift */ = {isa = PBXFileReference; fileEncoding = 4; lastKnownFileType = sourcecode.swift; path = MarginLabel.swift; sourceTree = "<group>"; };
		C0A0944E1DA49B5A0036A792 /* HomeViewController.swift */ = {isa = PBXFileReference; fileEncoding = 4; lastKnownFileType = sourcecode.swift; path = HomeViewController.swift; sourceTree = "<group>"; };
		C0A094601DA509E30036A792 /* DNAMobile-Bridging-Header.h */ = {isa = PBXFileReference; lastKnownFileType = sourcecode.c.h; path = "DNAMobile-Bridging-Header.h"; sourceTree = "<group>"; };
		C0A094611DA509E30036A792 /* SWRevealViewController.h */ = {isa = PBXFileReference; fileEncoding = 4; lastKnownFileType = sourcecode.c.h; path = SWRevealViewController.h; sourceTree = "<group>"; };
		C0A094621DA509E30036A792 /* SWRevealViewController.m */ = {isa = PBXFileReference; fileEncoding = 4; lastKnownFileType = sourcecode.c.objc; path = SWRevealViewController.m; sourceTree = "<group>"; };
		C0A094641DA50EC40036A792 /* BaseViewController.swift */ = {isa = PBXFileReference; fileEncoding = 4; lastKnownFileType = sourcecode.swift; path = BaseViewController.swift; sourceTree = "<group>"; };
		C0A094661DA50ED90036A792 /* MenuViewController.swift */ = {isa = PBXFileReference; fileEncoding = 4; lastKnownFileType = sourcecode.swift; path = MenuViewController.swift; sourceTree = "<group>"; };
		C0C25B471DB08FDF00B3D046 /* DetailNewViewController.swift */ = {isa = PBXFileReference; fileEncoding = 4; lastKnownFileType = sourcecode.swift; path = DetailNewViewController.swift; sourceTree = "<group>"; };
		CA9BD5E73CCA9529DBE5587F /* Pods-DNAMobileTests.release.xcconfig */ = {isa = PBXFileReference; includeInIndex = 1; lastKnownFileType = text.xcconfig; name = "Pods-DNAMobileTests.release.xcconfig"; path = "Pods/Target Support Files/Pods-DNAMobileTests/Pods-DNAMobileTests.release.xcconfig"; sourceTree = "<group>"; };
/* End PBXFileReference section */

/* Begin PBXFrameworksBuildPhase section */
		C00AA1861DA3F4F8000F7819 /* Frameworks */ = {
			isa = PBXFrameworksBuildPhase;
			buildActionMask = 2147483647;
			files = (
				4AFA458A91B8002248F23DDD /* Pods_DNAMobile.framework in Frameworks */,
			);
			runOnlyForDeploymentPostprocessing = 0;
		};
		C00AA19D1DA3F4F8000F7819 /* Frameworks */ = {
			isa = PBXFrameworksBuildPhase;
			buildActionMask = 2147483647;
			files = (
				0B090E224A2364ECD725CB71 /* Pods_DNAMobileTests.framework in Frameworks */,
			);
			runOnlyForDeploymentPostprocessing = 0;
		};
/* End PBXFrameworksBuildPhase section */

/* Begin PBXGroup section */
		2F11238AA3707399C6B47F7D /* Pods */ = {
			isa = PBXGroup;
			children = (
				150AA3EA2466395928D3DD08 /* Pods-DNAMobile.debug.xcconfig */,
				39BBAF12E10AAFFA32810120 /* Pods-DNAMobile.release.xcconfig */,
				62B59CF2598DAFE6D12AD668 /* Pods-DNAMobileTests.debug.xcconfig */,
				CA9BD5E73CCA9529DBE5587F /* Pods-DNAMobileTests.release.xcconfig */,
			);
			name = Pods;
			sourceTree = "<group>";
		};
		3CC752D196BEEDC7E3191FFD /* Frameworks */ = {
			isa = PBXGroup;
			children = (
				5737BD37B8FBA6E3473D0495 /* Pods_DNAMobile.framework */,
				0942B3003774CEE81F26F70F /* Pods_DNAMobileTests.framework */,
			);
			name = Frameworks;
			sourceTree = "<group>";
		};
		AA8FCB4D1DAE9FC000B86633 /* Models */ = {
			isa = PBXGroup;
			children = (
				AAB2E7801DAFFCBE0090EBC9 /* UpComingEvents.swift */,
				AAB2E77D1DAFE5220090EBC9 /* StreetAlert.swift */,
				AA8FCB501DAEA04800B86633 /* BuildingLocation.swift */,
				AA8FCB4E1DAE9FC000B86633 /* New.swift */,
			);
			path = Models;
			sourceTree = "<group>";
		};
		AA8FCB551DAEB48500B86633 /* AsyncImageView */ = {
			isa = PBXGroup;
			children = (
				AA8FCB561DAEB48500B86633 /* AsyncImageView.h */,
				AA8FCB571DAEB48500B86633 /* AsyncImageView.m */,
			);
			path = AsyncImageView;
			sourceTree = "<group>";
		};
		AA8FCB721DAEB88F00B86633 /* Utils */ = {
			isa = PBXGroup;
			children = (
				AA8FCB731DAEB88F00B86633 /* UIImageView+Size.h */,
				AA8FCB741DAEB88F00B86633 /* UIImageView+Size.m */,
			);
			path = Utils;
			sourceTree = "<group>";
		};
		AAB2E74E1DAF6AB00090EBC9 /* Assets */ = {
			isa = PBXGroup;
			children = (
				AAB2E7541DAF6F200090EBC9 /* Fonts */,
				AAB2E74F1DAF6AB00090EBC9 /* Images */,
			);
			path = Assets;
			sourceTree = "<group>";
		};
		AAB2E74F1DAF6AB00090EBC9 /* Images */ = {
			isa = PBXGroup;
			children = (
				AAB2E7791DAFD9340090EBC9 /* icon-right-arrow.png */,
				AAB2E7501DAF6AB00090EBC9 /* icon-nav-left.png */,
				AAB2E7511DAF6AB00090EBC9 /* icon-nav-right.png */,
			);
			path = Images;
			sourceTree = "<group>";
		};
		AAB2E7541DAF6F200090EBC9 /* Fonts */ = {
			isa = PBXGroup;
			children = (
				AAB2E7551DAF6F200090EBC9 /* Lato */,
				AAB2E7571DAF6F200090EBC9 /* Muli */,
				AAB2E7631DAF6F200090EBC9 /* Raleway */,
			);
			path = Fonts;
			sourceTree = "<group>";
		};
		AAB2E7551DAF6F200090EBC9 /* Lato */ = {
			isa = PBXGroup;
			children = (
				AAB2E7561DAF6F200090EBC9 /* Lato.ttf */,
			);
			path = Lato;
			sourceTree = "<group>";
		};
		AAB2E7571DAF6F200090EBC9 /* Muli */ = {
			isa = PBXGroup;
			children = (
				AAB2E7581DAF6F200090EBC9 /* Muli-Bold.ttf */,
				AAB2E7591DAF6F200090EBC9 /* Muli-BoldItalic.ttf */,
				AAB2E75A1DAF6F200090EBC9 /* Muli-ExtraLight.ttf */,
				AAB2E75B1DAF6F200090EBC9 /* Muli-ExtraLightItalic.ttf */,
				AAB2E75C1DAF6F200090EBC9 /* Muli-Italic.ttf */,
				AAB2E75D1DAF6F200090EBC9 /* Muli-Light.ttf */,
				AAB2E75E1DAF6F200090EBC9 /* Muli-LightItalic.ttf */,
				AAB2E75F1DAF6F200090EBC9 /* Muli-Semi-BoldItalic.ttf */,
				AAB2E7601DAF6F200090EBC9 /* Muli-SemiBold.ttf */,
				AAB2E7611DAF6F200090EBC9 /* Muli.ttf */,
				AAB2E7621DAF6F200090EBC9 /* SIL Open Font License.txt */,
			);
			path = Muli;
			sourceTree = "<group>";
		};
		AAB2E7631DAF6F200090EBC9 /* Raleway */ = {
			isa = PBXGroup;
			children = (
				AAB2E7641DAF6F200090EBC9 /* Raleway-Bold.ttf */,
				AAB2E7651DAF6F200090EBC9 /* Raleway-Italic.ttf */,
				AAB2E7661DAF6F200090EBC9 /* Raleway-Regular.ttf */,
			);
			path = Raleway;
			sourceTree = "<group>";
		};
		C00AA1801DA3F4F8000F7819 = {
			isa = PBXGroup;
			children = (
				C00AA18B1DA3F4F8000F7819 /* DNAMobile */,
				C00AA1A31DA3F4F8000F7819 /* DNAMobileTests */,
				C00AA18A1DA3F4F8000F7819 /* Products */,
				2F11238AA3707399C6B47F7D /* Pods */,
				3CC752D196BEEDC7E3191FFD /* Frameworks */,
			);
			sourceTree = "<group>";
		};
		C00AA18A1DA3F4F8000F7819 /* Products */ = {
			isa = PBXGroup;
			children = (
				C00AA1891DA3F4F8000F7819 /* DNAMobile.app */,
				C00AA1A01DA3F4F8000F7819 /* DNAMobileTests.xctest */,
			);
			name = Products;
			sourceTree = "<group>";
		};
		C00AA18B1DA3F4F8000F7819 /* DNAMobile */ = {
			isa = PBXGroup;
			children = (
				AAB2E74E1DAF6AB00090EBC9 /* Assets */,
				AA8FCB4D1DAE9FC000B86633 /* Models */,
				C07EFBBA1DA60C4800EC6AF2 /* Shared */,
				C07EFBAF1DA602BB00EC6AF2 /* Views */,
				C0A0944D1DA49B5A0036A792 /* ViewControllers */,
				C00AA18C1DA3F4F8000F7819 /* AppDelegate.swift */,
				AA8FCB521DAEA29800B86633 /* ConstantHelper.swift */,
				C00AA1961DA3F4F8000F7819 /* Assets.xcassets */,
				C00AA19B1DA3F4F8000F7819 /* Info.plist */,
				C00AA1931DA3F4F8000F7819 /* DNAMobile.xcdatamodeld */,
			);
			path = DNAMobile;
			sourceTree = "<group>";
		};
		C00AA1A31DA3F4F8000F7819 /* DNAMobileTests */ = {
			isa = PBXGroup;
			children = (
				C00AA1A41DA3F4F8000F7819 /* DNAMobileTests.swift */,
				C00AA1A61DA3F4F8000F7819 /* Info.plist */,
			);
			path = DNAMobileTests;
			sourceTree = "<group>";
		};
		C03F1A431DA7592200B35DB2 /* API */ = {
			isa = PBXGroup;
			children = (
				C03F1A451DA75D3900B35DB2 /* ApiClient.swift */,
			);
			name = API;
			sourceTree = "<group>";
		};
		C07EFBA71DA602BB00EC6AF2 /* Extentsion */ = {
			isa = PBXGroup;
			children = (
				C07EFBA81DA602BB00EC6AF2 /* String.swift */,
				C07EFBA91DA602BB00EC6AF2 /* UIColor.swift */,
				C07EFBAA1DA602BB00EC6AF2 /* UIImage.swift */,
				C07EFBAB1DA602BB00EC6AF2 /* UIImageView.swift */,
				C07EFBAC1DA602BB00EC6AF2 /* UITableViewExtension.swift */,
				C07EFBAD1DA602BB00EC6AF2 /* UIView.swift */,
				C07EFBAE1DA602BB00EC6AF2 /* UIViewController.swift */,
			);
			path = Extentsion;
			sourceTree = "<group>";
		};
		C07EFBAF1DA602BB00EC6AF2 /* Views */ = {
			isa = PBXGroup;
			children = (
				C099D5301DA88EF9003422B2 /* Custom */,
				C07EFBBC1DA60C7000EC6AF2 /* Xibs */,
				C07EFBBB1DA60C6300EC6AF2 /* Storyboards */,
				C07EFBB71DA602D800EC6AF2 /* MenuTableViewCell.swift */,
				AAB2E7771DAF767C0090EBC9 /* LocationInfoCell.swift */,
				AAB2E77B1DAFE3920090EBC9 /* StreetAlertCell.swift */,
				C07EFBCA1DA6A6AC00EC6AF2 /* NewCollectionViewCell.swift */,
				AAB2E7821DAFFCF70090EBC9 /* UpComingEventsCell.swift */,
			);
			path = Views;
			sourceTree = "<group>";
		};
		C07EFBBA1DA60C4800EC6AF2 /* Shared */ = {
			isa = PBXGroup;
			children = (
				C03F1A431DA7592200B35DB2 /* API */,
				C0A0945B1DA509960036A792 /* Libs */,
				C07EFBA71DA602BB00EC6AF2 /* Extentsion */,
			);
			name = Shared;
			sourceTree = "<group>";
		};
		C07EFBBB1DA60C6300EC6AF2 /* Storyboards */ = {
			isa = PBXGroup;
			children = (
				C00AA1901DA3F4F8000F7819 /* Main.storyboard */,
				C00AFED91DAF7E5C009C6D03 /* Home.storyboard */,
				C00AA1981DA3F4F8000F7819 /* LaunchScreen.storyboard */,
			);
			name = Storyboards;
			sourceTree = "<group>";
		};
		C07EFBBC1DA60C7000EC6AF2 /* Xibs */ = {
			isa = PBXGroup;
			children = (
			);
			name = Xibs;
			sourceTree = "<group>";
		};
		C099D5301DA88EF9003422B2 /* Custom */ = {
			isa = PBXGroup;
			children = (
				C099D5311DA88F1E003422B2 /* MarginLabel.swift */,
			);
			name = Custom;
			sourceTree = "<group>";
		};
		C0A0944D1DA49B5A0036A792 /* ViewControllers */ = {
			isa = PBXGroup;
			children = (
				AA8FCB4B1DAE9E0B00B86633 /* BaseKeyboardViewController.swift */,
				C0A094641DA50EC40036A792 /* BaseViewController.swift */,
				C07EFBC81DA6371000EC6AF2 /* BaseCenterViewController.swift */,
				C0A094661DA50ED90036A792 /* MenuViewController.swift */,
				C0A0944E1DA49B5A0036A792 /* HomeViewController.swift */,
				C07EFBBD1DA60FDF00EC6AF2 /* UpcomingEventViewController.swift */,
				C07EFBBF1DA6101D00EC6AF2 /* RequestServiceViewController.swift */,
				C07EFBC11DA6104600EC6AF2 /* LocationInfoViewController.swift */,
				C07EFBC31DA6105300EC6AF2 /* StreetAlertViewController.swift */,
				C07EFBC61DA6106300EC6AF2 /* SettingsViewController.swift */,
				C0C25B471DB08FDF00B3D046 /* DetailNewViewController.swift */,
			);
			path = ViewControllers;
			sourceTree = "<group>";
		};
		C0A0945B1DA509960036A792 /* Libs */ = {
			isa = PBXGroup;
			children = (
				AA8FCB721DAEB88F00B86633 /* Utils */,
				AA8FCB551DAEB48500B86633 /* AsyncImageView */,
				C0A0945C1DA509960036A792 /* SWRevealViewController */,
			);
			path = Libs;
			sourceTree = "<group>";
		};
		C0A0945C1DA509960036A792 /* SWRevealViewController */ = {
			isa = PBXGroup;
			children = (
				C0A094611DA509E30036A792 /* SWRevealViewController.h */,
				C0A094621DA509E30036A792 /* SWRevealViewController.m */,
				C0A094601DA509E30036A792 /* DNAMobile-Bridging-Header.h */,
			);
			path = SWRevealViewController;
			sourceTree = "<group>";
		};
/* End PBXGroup section */

/* Begin PBXNativeTarget section */
		C00AA1881DA3F4F8000F7819 /* DNAMobile */ = {
			isa = PBXNativeTarget;
			buildConfigurationList = C00AA1A91DA3F4F8000F7819 /* Build configuration list for PBXNativeTarget "DNAMobile" */;
			buildPhases = (
				14571B3F795793CD9CB088F9 /* [CP] Check Pods Manifest.lock */,
				C00AA1851DA3F4F8000F7819 /* Sources */,
				C00AA1861DA3F4F8000F7819 /* Frameworks */,
				C00AA1871DA3F4F8000F7819 /* Resources */,
				10ABCA6B506B88AE0795D4F3 /* [CP] Embed Pods Frameworks */,
				B3AC03AC444A064C41915FB8 /* [CP] Copy Pods Resources */,
			);
			buildRules = (
			);
			dependencies = (
			);
			name = DNAMobile;
			productName = DNAMobile;
			productReference = C00AA1891DA3F4F8000F7819 /* DNAMobile.app */;
			productType = "com.apple.product-type.application";
		};
		C00AA19F1DA3F4F8000F7819 /* DNAMobileTests */ = {
			isa = PBXNativeTarget;
			buildConfigurationList = C00AA1AC1DA3F4F8000F7819 /* Build configuration list for PBXNativeTarget "DNAMobileTests" */;
			buildPhases = (
				F9741450FC4AD24D70643718 /* [CP] Check Pods Manifest.lock */,
				C00AA19C1DA3F4F8000F7819 /* Sources */,
				C00AA19D1DA3F4F8000F7819 /* Frameworks */,
				C00AA19E1DA3F4F8000F7819 /* Resources */,
				BCB63342EFDB71215DA25062 /* [CP] Embed Pods Frameworks */,
				3CB1F60F455D68DBA5D18074 /* [CP] Copy Pods Resources */,
			);
			buildRules = (
			);
			dependencies = (
				C00AA1A21DA3F4F8000F7819 /* PBXTargetDependency */,
			);
			name = DNAMobileTests;
			productName = DNAMobileTests;
			productReference = C00AA1A01DA3F4F8000F7819 /* DNAMobileTests.xctest */;
			productType = "com.apple.product-type.bundle.unit-test";
		};
/* End PBXNativeTarget section */

/* Begin PBXProject section */
		C00AA1811DA3F4F8000F7819 /* Project object */ = {
			isa = PBXProject;
			attributes = {
				LastSwiftUpdateCheck = 0800;
				LastUpgradeCheck = 0800;
				ORGANIZATIONNAME = "Cas-group";
				TargetAttributes = {
					C00AA1881DA3F4F8000F7819 = {
						CreatedOnToolsVersion = 8.0;
						DevelopmentTeam = ECW5XQ64WL;
						LastSwiftMigration = 0800;
						ProvisioningStyle = Automatic;
					};
					C00AA19F1DA3F4F8000F7819 = {
						CreatedOnToolsVersion = 8.0;
						DevelopmentTeam = ZK83HD7K73;
						ProvisioningStyle = Automatic;
						TestTargetID = C00AA1881DA3F4F8000F7819;
					};
				};
			};
			buildConfigurationList = C00AA1841DA3F4F8000F7819 /* Build configuration list for PBXProject "DNAMobile" */;
			compatibilityVersion = "Xcode 3.2";
			developmentRegion = English;
			hasScannedForEncodings = 0;
			knownRegions = (
				en,
				Base,
			);
			mainGroup = C00AA1801DA3F4F8000F7819;
			productRefGroup = C00AA18A1DA3F4F8000F7819 /* Products */;
			projectDirPath = "";
			projectRoot = "";
			targets = (
				C00AA1881DA3F4F8000F7819 /* DNAMobile */,
				C00AA19F1DA3F4F8000F7819 /* DNAMobileTests */,
			);
		};
/* End PBXProject section */

/* Begin PBXResourcesBuildPhase section */
		C00AA1871DA3F4F8000F7819 /* Resources */ = {
			isa = PBXResourcesBuildPhase;
			buildActionMask = 2147483647;
			files = (
				AAB2E7741DAF6F200090EBC9 /* Raleway-Italic.ttf in Resources */,
				AAB2E76F1DAF6F200090EBC9 /* Muli-Semi-BoldItalic.ttf in Resources */,
				AAB2E7731DAF6F200090EBC9 /* Raleway-Bold.ttf in Resources */,
				AAB2E76C1DAF6F200090EBC9 /* Muli-Italic.ttf in Resources */,
				AAB2E7671DAF6F200090EBC9 /* Lato.ttf in Resources */,
				C00AA19A1DA3F4F8000F7819 /* LaunchScreen.storyboard in Resources */,
				AAB2E7691DAF6F200090EBC9 /* Muli-BoldItalic.ttf in Resources */,
				AAB2E7721DAF6F200090EBC9 /* SIL Open Font License.txt in Resources */,
				C00AA1971DA3F4F8000F7819 /* Assets.xcassets in Resources */,
				AAB2E76A1DAF6F200090EBC9 /* Muli-ExtraLight.ttf in Resources */,
				C00AA1921DA3F4F8000F7819 /* Main.storyboard in Resources */,
				C00AFEDB1DAF7E5C009C6D03 /* Home.storyboard in Resources */,
				AAB2E7751DAF6F200090EBC9 /* Raleway-Regular.ttf in Resources */,
				AAB2E77A1DAFD9340090EBC9 /* icon-right-arrow.png in Resources */,
				AAB2E7531DAF6AB10090EBC9 /* icon-nav-right.png in Resources */,
				AAB2E7701DAF6F200090EBC9 /* Muli-SemiBold.ttf in Resources */,
				AAB2E76B1DAF6F200090EBC9 /* Muli-ExtraLightItalic.ttf in Resources */,
				AAB2E7711DAF6F200090EBC9 /* Muli.ttf in Resources */,
				AAB2E7681DAF6F200090EBC9 /* Muli-Bold.ttf in Resources */,
				AAB2E76D1DAF6F200090EBC9 /* Muli-Light.ttf in Resources */,
				AAB2E7521DAF6AB00090EBC9 /* icon-nav-left.png in Resources */,
				AAB2E76E1DAF6F200090EBC9 /* Muli-LightItalic.ttf in Resources */,
			);
			runOnlyForDeploymentPostprocessing = 0;
		};
		C00AA19E1DA3F4F8000F7819 /* Resources */ = {
			isa = PBXResourcesBuildPhase;
			buildActionMask = 2147483647;
			files = (
			);
			runOnlyForDeploymentPostprocessing = 0;
		};
/* End PBXResourcesBuildPhase section */

/* Begin PBXShellScriptBuildPhase section */
		10ABCA6B506B88AE0795D4F3 /* [CP] Embed Pods Frameworks */ = {
			isa = PBXShellScriptBuildPhase;
			buildActionMask = 2147483647;
			files = (
			);
			inputPaths = (
			);
			name = "[CP] Embed Pods Frameworks";
			outputPaths = (
			);
			runOnlyForDeploymentPostprocessing = 0;
			shellPath = /bin/sh;
			shellScript = "\"${SRCROOT}/Pods/Target Support Files/Pods-DNAMobile/Pods-DNAMobile-frameworks.sh\"\n";
			showEnvVarsInLog = 0;
		};
		14571B3F795793CD9CB088F9 /* [CP] Check Pods Manifest.lock */ = {
			isa = PBXShellScriptBuildPhase;
			buildActionMask = 2147483647;
			files = (
			);
			inputPaths = (
			);
			name = "[CP] Check Pods Manifest.lock";
			outputPaths = (
			);
			runOnlyForDeploymentPostprocessing = 0;
			shellPath = /bin/sh;
			shellScript = "diff \"${PODS_ROOT}/../Podfile.lock\" \"${PODS_ROOT}/Manifest.lock\" > /dev/null\nif [[ $? != 0 ]] ; then\n    cat << EOM\nerror: The sandbox is not in sync with the Podfile.lock. Run 'pod install' or update your CocoaPods installation.\nEOM\n    exit 1\nfi\n";
			showEnvVarsInLog = 0;
		};
		3CB1F60F455D68DBA5D18074 /* [CP] Copy Pods Resources */ = {
			isa = PBXShellScriptBuildPhase;
			buildActionMask = 2147483647;
			files = (
			);
			inputPaths = (
			);
			name = "[CP] Copy Pods Resources";
			outputPaths = (
			);
			runOnlyForDeploymentPostprocessing = 0;
			shellPath = /bin/sh;
			shellScript = "\"${SRCROOT}/Pods/Target Support Files/Pods-DNAMobileTests/Pods-DNAMobileTests-resources.sh\"\n";
			showEnvVarsInLog = 0;
		};
		B3AC03AC444A064C41915FB8 /* [CP] Copy Pods Resources */ = {
			isa = PBXShellScriptBuildPhase;
			buildActionMask = 2147483647;
			files = (
			);
			inputPaths = (
			);
			name = "[CP] Copy Pods Resources";
			outputPaths = (
			);
			runOnlyForDeploymentPostprocessing = 0;
			shellPath = /bin/sh;
			shellScript = "\"${SRCROOT}/Pods/Target Support Files/Pods-DNAMobile/Pods-DNAMobile-resources.sh\"\n";
			showEnvVarsInLog = 0;
		};
		BCB63342EFDB71215DA25062 /* [CP] Embed Pods Frameworks */ = {
			isa = PBXShellScriptBuildPhase;
			buildActionMask = 2147483647;
			files = (
			);
			inputPaths = (
			);
			name = "[CP] Embed Pods Frameworks";
			outputPaths = (
			);
			runOnlyForDeploymentPostprocessing = 0;
			shellPath = /bin/sh;
			shellScript = "\"${SRCROOT}/Pods/Target Support Files/Pods-DNAMobileTests/Pods-DNAMobileTests-frameworks.sh\"\n";
			showEnvVarsInLog = 0;
		};
		F9741450FC4AD24D70643718 /* [CP] Check Pods Manifest.lock */ = {
			isa = PBXShellScriptBuildPhase;
			buildActionMask = 2147483647;
			files = (
			);
			inputPaths = (
			);
			name = "[CP] Check Pods Manifest.lock";
			outputPaths = (
			);
			runOnlyForDeploymentPostprocessing = 0;
			shellPath = /bin/sh;
			shellScript = "diff \"${PODS_ROOT}/../Podfile.lock\" \"${PODS_ROOT}/Manifest.lock\" > /dev/null\nif [[ $? != 0 ]] ; then\n    cat << EOM\nerror: The sandbox is not in sync with the Podfile.lock. Run 'pod install' or update your CocoaPods installation.\nEOM\n    exit 1\nfi\n";
			showEnvVarsInLog = 0;
		};
/* End PBXShellScriptBuildPhase section */

/* Begin PBXSourcesBuildPhase section */
		C00AA1851DA3F4F8000F7819 /* Sources */ = {
			isa = PBXSourcesBuildPhase;
			buildActionMask = 2147483647;
			files = (
				AA8FCB531DAEA29800B86633 /* ConstantHelper.swift in Sources */,
				C0A094651DA50EC40036A792 /* BaseViewController.swift in Sources */,
				C0A094671DA50ED90036A792 /* MenuViewController.swift in Sources */,
				C07EFBC41DA6105300EC6AF2 /* StreetAlertViewController.swift in Sources */,
				C07EFBB81DA602D800EC6AF2 /* MenuTableViewCell.swift in Sources */,
				AA8FCB511DAEA04800B86633 /* BuildingLocation.swift in Sources */,
				C00AA1951DA3F4F8000F7819 /* DNAMobile.xcdatamodeld in Sources */,
				C07EFBC71DA6106300EC6AF2 /* SettingsViewController.swift in Sources */,
				C00AA18D1DA3F4F8000F7819 /* AppDelegate.swift in Sources */,
				C07EFBB51DA602BB00EC6AF2 /* UIView.swift in Sources */,
				C07EFBB01DA602BB00EC6AF2 /* String.swift in Sources */,
				C07EFBCB1DA6A6AC00EC6AF2 /* NewCollectionViewCell.swift in Sources */,
				AA8FCB751DAEB88F00B86633 /* UIImageView+Size.m in Sources */,
				C07EFBB41DA602BB00EC6AF2 /* UITableViewExtension.swift in Sources */,
				AAB2E77C1DAFE3920090EBC9 /* StreetAlertCell.swift in Sources */,
				C03F1A461DA75D3900B35DB2 /* ApiClient.swift in Sources */,
				AAB2E7831DAFFCF70090EBC9 /* UpComingEventsCell.swift in Sources */,
				C07EFBB61DA602BB00EC6AF2 /* UIViewController.swift in Sources */,
				C07EFBB11DA602BB00EC6AF2 /* UIColor.swift in Sources */,
				C07EFBB31DA602BB00EC6AF2 /* UIImageView.swift in Sources */,
				AAB2E7781DAF767C0090EBC9 /* LocationInfoCell.swift in Sources */,
				C07EFBBE1DA60FDF00EC6AF2 /* UpcomingEventViewController.swift in Sources */,
				AA8FCB4F1DAE9FC000B86633 /* New.swift in Sources */,
				C07EFBB21DA602BB00EC6AF2 /* UIImage.swift in Sources */,
				C0C25B481DB08FDF00B3D046 /* DetailNewViewController.swift in Sources */,
				AAB2E7811DAFFCBE0090EBC9 /* UpComingEvents.swift in Sources */,
				C099D5321DA88F1E003422B2 /* MarginLabel.swift in Sources */,
				C0A0944F1DA49B5A0036A792 /* HomeViewController.swift in Sources */,
				AA8FCB4C1DAE9E0B00B86633 /* BaseKeyboardViewController.swift in Sources */,
				C07EFBC91DA6371000EC6AF2 /* BaseCenterViewController.swift in Sources */,
				AAB2E77E1DAFE5220090EBC9 /* StreetAlert.swift in Sources */,
				C07EFBC01DA6101D00EC6AF2 /* RequestServiceViewController.swift in Sources */,
				C0A094631DA509E30036A792 /* SWRevealViewController.m in Sources */,
				C07EFBC21DA6104600EC6AF2 /* LocationInfoViewController.swift in Sources */,
				AA8FCB581DAEB48500B86633 /* AsyncImageView.m in Sources */,
			);
			runOnlyForDeploymentPostprocessing = 0;
		};
		C00AA19C1DA3F4F8000F7819 /* Sources */ = {
			isa = PBXSourcesBuildPhase;
			buildActionMask = 2147483647;
			files = (
				C00AA1A51DA3F4F8000F7819 /* DNAMobileTests.swift in Sources */,
			);
			runOnlyForDeploymentPostprocessing = 0;
		};
/* End PBXSourcesBuildPhase section */

/* Begin PBXTargetDependency section */
		C00AA1A21DA3F4F8000F7819 /* PBXTargetDependency */ = {
			isa = PBXTargetDependency;
			target = C00AA1881DA3F4F8000F7819 /* DNAMobile */;
			targetProxy = C00AA1A11DA3F4F8000F7819 /* PBXContainerItemProxy */;
		};
/* End PBXTargetDependency section */

/* Begin PBXVariantGroup section */
		C00AA1901DA3F4F8000F7819 /* Main.storyboard */ = {
			isa = PBXVariantGroup;
			children = (
				C00AA1911DA3F4F8000F7819 /* Base */,
			);
			name = Main.storyboard;
			path = ..;
			sourceTree = "<group>";
		};
		C00AA1981DA3F4F8000F7819 /* LaunchScreen.storyboard */ = {
			isa = PBXVariantGroup;
			children = (
				C00AA1991DA3F4F8000F7819 /* Base */,
			);
			name = LaunchScreen.storyboard;
			path = ..;
			sourceTree = "<group>";
		};
		C00AFED91DAF7E5C009C6D03 /* Home.storyboard */ = {
			isa = PBXVariantGroup;
			children = (
				C00AFEDA1DAF7E5C009C6D03 /* Base */,
			);
			name = Home.storyboard;
			sourceTree = "<group>";
		};
/* End PBXVariantGroup section */

/* Begin XCBuildConfiguration section */
		C00AA1A71DA3F4F8000F7819 /* Debug */ = {
			isa = XCBuildConfiguration;
			buildSettings = {
				ALWAYS_SEARCH_USER_PATHS = NO;
				CLANG_ANALYZER_NONNULL = YES;
				CLANG_CXX_LANGUAGE_STANDARD = "gnu++0x";
				CLANG_CXX_LIBRARY = "libc++";
				CLANG_ENABLE_MODULES = YES;
				CLANG_ENABLE_OBJC_ARC = YES;
				CLANG_WARN_BOOL_CONVERSION = YES;
				CLANG_WARN_CONSTANT_CONVERSION = YES;
				CLANG_WARN_DIRECT_OBJC_ISA_USAGE = YES_ERROR;
				CLANG_WARN_DOCUMENTATION_COMMENTS = YES;
				CLANG_WARN_EMPTY_BODY = YES;
				CLANG_WARN_ENUM_CONVERSION = YES;
				CLANG_WARN_INFINITE_RECURSION = YES;
				CLANG_WARN_INT_CONVERSION = YES;
				CLANG_WARN_OBJC_ROOT_CLASS = YES_ERROR;
				CLANG_WARN_SUSPICIOUS_MOVES = YES;
				CLANG_WARN_UNREACHABLE_CODE = YES;
				CLANG_WARN__DUPLICATE_METHOD_MATCH = YES;
				"CODE_SIGN_IDENTITY[sdk=iphoneos*]" = "iPhone Developer";
				COPY_PHASE_STRIP = NO;
				DEBUG_INFORMATION_FORMAT = dwarf;
				ENABLE_STRICT_OBJC_MSGSEND = YES;
				ENABLE_TESTABILITY = YES;
				GCC_C_LANGUAGE_STANDARD = gnu99;
				GCC_DYNAMIC_NO_PIC = NO;
				GCC_NO_COMMON_BLOCKS = YES;
				GCC_OPTIMIZATION_LEVEL = 0;
				GCC_PREPROCESSOR_DEFINITIONS = (
					"DEBUG=1",
					"$(inherited)",
				);
				GCC_WARN_64_TO_32_BIT_CONVERSION = YES;
				GCC_WARN_ABOUT_RETURN_TYPE = YES_ERROR;
				GCC_WARN_UNDECLARED_SELECTOR = YES;
				GCC_WARN_UNINITIALIZED_AUTOS = YES_AGGRESSIVE;
				GCC_WARN_UNUSED_FUNCTION = YES;
				GCC_WARN_UNUSED_VARIABLE = YES;
				IPHONEOS_DEPLOYMENT_TARGET = 10.0;
				MTL_ENABLE_DEBUG_INFO = YES;
				ONLY_ACTIVE_ARCH = YES;
				SDKROOT = iphoneos;
				SWIFT_ACTIVE_COMPILATION_CONDITIONS = DEBUG;
				SWIFT_OPTIMIZATION_LEVEL = "-Onone";
				TARGETED_DEVICE_FAMILY = "1,2";
			};
			name = Debug;
		};
		C00AA1A81DA3F4F8000F7819 /* Release */ = {
			isa = XCBuildConfiguration;
			buildSettings = {
				ALWAYS_SEARCH_USER_PATHS = NO;
				CLANG_ANALYZER_NONNULL = YES;
				CLANG_CXX_LANGUAGE_STANDARD = "gnu++0x";
				CLANG_CXX_LIBRARY = "libc++";
				CLANG_ENABLE_MODULES = YES;
				CLANG_ENABLE_OBJC_ARC = YES;
				CLANG_WARN_BOOL_CONVERSION = YES;
				CLANG_WARN_CONSTANT_CONVERSION = YES;
				CLANG_WARN_DIRECT_OBJC_ISA_USAGE = YES_ERROR;
				CLANG_WARN_DOCUMENTATION_COMMENTS = YES;
				CLANG_WARN_EMPTY_BODY = YES;
				CLANG_WARN_ENUM_CONVERSION = YES;
				CLANG_WARN_INFINITE_RECURSION = YES;
				CLANG_WARN_INT_CONVERSION = YES;
				CLANG_WARN_OBJC_ROOT_CLASS = YES_ERROR;
				CLANG_WARN_SUSPICIOUS_MOVES = YES;
				CLANG_WARN_UNREACHABLE_CODE = YES;
				CLANG_WARN__DUPLICATE_METHOD_MATCH = YES;
				"CODE_SIGN_IDENTITY[sdk=iphoneos*]" = "iPhone Developer";
				COPY_PHASE_STRIP = NO;
				DEBUG_INFORMATION_FORMAT = "dwarf-with-dsym";
				ENABLE_NS_ASSERTIONS = NO;
				ENABLE_STRICT_OBJC_MSGSEND = YES;
				GCC_C_LANGUAGE_STANDARD = gnu99;
				GCC_NO_COMMON_BLOCKS = YES;
				GCC_WARN_64_TO_32_BIT_CONVERSION = YES;
				GCC_WARN_ABOUT_RETURN_TYPE = YES_ERROR;
				GCC_WARN_UNDECLARED_SELECTOR = YES;
				GCC_WARN_UNINITIALIZED_AUTOS = YES_AGGRESSIVE;
				GCC_WARN_UNUSED_FUNCTION = YES;
				GCC_WARN_UNUSED_VARIABLE = YES;
				IPHONEOS_DEPLOYMENT_TARGET = 10.0;
				MTL_ENABLE_DEBUG_INFO = NO;
				SDKROOT = iphoneos;
				SWIFT_OPTIMIZATION_LEVEL = "-Owholemodule";
				TARGETED_DEVICE_FAMILY = "1,2";
				VALIDATE_PRODUCT = YES;
			};
			name = Release;
		};
		C00AA1AA1DA3F4F8000F7819 /* Debug */ = {
			isa = XCBuildConfiguration;
			baseConfigurationReference = 150AA3EA2466395928D3DD08 /* Pods-DNAMobile.debug.xcconfig */;
			buildSettings = {
				ASSETCATALOG_COMPILER_APPICON_NAME = AppIcon;
				CLANG_ENABLE_MODULES = YES;
				DEVELOPMENT_TEAM = ECW5XQ64WL;
				INFOPLIST_FILE = DNAMobile/Info.plist;
				LD_RUNPATH_SEARCH_PATHS = "$(inherited) @executable_path/Frameworks";
				PRODUCT_BUNDLE_IDENTIFIER = "com.cas-group.DNAMobile";
				PRODUCT_NAME = "$(TARGET_NAME)";
				SWIFT_OBJC_BRIDGING_HEADER = "DNAMobile/Libs/SWRevealViewController/DNAMobile-Bridging-Header.h";
				SWIFT_OPTIMIZATION_LEVEL = "-Onone";
				SWIFT_VERSION = 3.0;
			};
			name = Debug;
		};
		C00AA1AB1DA3F4F8000F7819 /* Release */ = {
			isa = XCBuildConfiguration;
			baseConfigurationReference = 39BBAF12E10AAFFA32810120 /* Pods-DNAMobile.release.xcconfig */;
			buildSettings = {
				ASSETCATALOG_COMPILER_APPICON_NAME = AppIcon;
				CLANG_ENABLE_MODULES = YES;
				DEVELOPMENT_TEAM = ECW5XQ64WL;
				INFOPLIST_FILE = DNAMobile/Info.plist;
				LD_RUNPATH_SEARCH_PATHS = "$(inherited) @executable_path/Frameworks";
				PRODUCT_BUNDLE_IDENTIFIER = "com.cas-group.DNAMobile";
				PRODUCT_NAME = "$(TARGET_NAME)";
				SWIFT_OBJC_BRIDGING_HEADER = "DNAMobile/Libs/SWRevealViewController/DNAMobile-Bridging-Header.h";
				SWIFT_VERSION = 3.0;
			};
			name = Release;
		};
		C00AA1AD1DA3F4F8000F7819 /* Debug */ = {
			isa = XCBuildConfiguration;
			baseConfigurationReference = 62B59CF2598DAFE6D12AD668 /* Pods-DNAMobileTests.debug.xcconfig */;
			buildSettings = {
				ALWAYS_EMBED_SWIFT_STANDARD_LIBRARIES = YES;
				BUNDLE_LOADER = "$(TEST_HOST)";
				DEVELOPMENT_TEAM = ZK83HD7K73;
				INFOPLIST_FILE = DNAMobileTests/Info.plist;
				LD_RUNPATH_SEARCH_PATHS = "$(inherited) @executable_path/Frameworks @loader_path/Frameworks";
				PRODUCT_BUNDLE_IDENTIFIER = "com.cas-group.DNAMobileTests";
				PRODUCT_NAME = "$(TARGET_NAME)";
				SWIFT_VERSION = 3.0;
				TEST_HOST = "$(BUILT_PRODUCTS_DIR)/DNAMobile.app/DNAMobile";
			};
			name = Debug;
		};
		C00AA1AE1DA3F4F8000F7819 /* Release */ = {
			isa = XCBuildConfiguration;
			baseConfigurationReference = CA9BD5E73CCA9529DBE5587F /* Pods-DNAMobileTests.release.xcconfig */;
			buildSettings = {
				ALWAYS_EMBED_SWIFT_STANDARD_LIBRARIES = YES;
				BUNDLE_LOADER = "$(TEST_HOST)";
				DEVELOPMENT_TEAM = ZK83HD7K73;
				INFOPLIST_FILE = DNAMobileTests/Info.plist;
				LD_RUNPATH_SEARCH_PATHS = "$(inherited) @executable_path/Frameworks @loader_path/Frameworks";
				PRODUCT_BUNDLE_IDENTIFIER = "com.cas-group.DNAMobileTests";
				PRODUCT_NAME = "$(TARGET_NAME)";
				SWIFT_VERSION = 3.0;
				TEST_HOST = "$(BUILT_PRODUCTS_DIR)/DNAMobile.app/DNAMobile";
			};
			name = Release;
		};
/* End XCBuildConfiguration section */

/* Begin XCConfigurationList section */
		C00AA1841DA3F4F8000F7819 /* Build configuration list for PBXProject "DNAMobile" */ = {
			isa = XCConfigurationList;
			buildConfigurations = (
				C00AA1A71DA3F4F8000F7819 /* Debug */,
				C00AA1A81DA3F4F8000F7819 /* Release */,
			);
			defaultConfigurationIsVisible = 0;
			defaultConfigurationName = Release;
		};
		C00AA1A91DA3F4F8000F7819 /* Build configuration list for PBXNativeTarget "DNAMobile" */ = {
			isa = XCConfigurationList;
			buildConfigurations = (
				C00AA1AA1DA3F4F8000F7819 /* Debug */,
				C00AA1AB1DA3F4F8000F7819 /* Release */,
			);
			defaultConfigurationIsVisible = 0;
			defaultConfigurationName = Release;
		};
		C00AA1AC1DA3F4F8000F7819 /* Build configuration list for PBXNativeTarget "DNAMobileTests" */ = {
			isa = XCConfigurationList;
			buildConfigurations = (
				C00AA1AD1DA3F4F8000F7819 /* Debug */,
				C00AA1AE1DA3F4F8000F7819 /* Release */,
			);
			defaultConfigurationIsVisible = 0;
			defaultConfigurationName = Release;
		};
/* End XCConfigurationList section */

/* Begin XCVersionGroup section */
		C00AA1931DA3F4F8000F7819 /* DNAMobile.xcdatamodeld */ = {
			isa = XCVersionGroup;
			children = (
				C00AA1941DA3F4F8000F7819 /* DNAMobile.xcdatamodel */,
			);
			currentVersion = C00AA1941DA3F4F8000F7819 /* DNAMobile.xcdatamodel */;
			path = DNAMobile.xcdatamodeld;
			sourceTree = "<group>";
			versionGroupType = wrapper.xcdatamodel;
		};
/* End XCVersionGroup section */
	};
	rootObject = C00AA1811DA3F4F8000F7819 /* Project object */;
}
